schema: '2.0'
stages:
  ingest_processed:
    cmd: uv run python src/data/ingest.py
    deps:
    - path: data/interim/movies_cleaned.csv
      hash: md5
      md5: 99bc668cb89ac9413fc01cbdaf384413
      size: 165612
    - path: data/interim/ratings_cleaned.csv
      hash: md5
      md5: c2d44797dbc26922bc5e1ee993a44052
      size: 21593538
    - path: data/interim/users_cleaned.csv
      hash: md5
      md5: d3d906edb43d8dd8aac7e1e4decfa8f7
      size: 110247
    - path: src/data/ingest.py
      hash: md5
      md5: 12237370615436fb9ef94a99155b005d
      size: 4657
    - path: src/data/load_data.py
      hash: md5
      md5: 86a27b5a4990660cda6a9689b1b167fa
      size: 3416
    outs:
    - path: data/processed/movies.parquet
      hash: md5
      md5: 8359289808216e27d1a25a2758bb1c46
      size: 105053
    - path: data/processed/ratings.parquet
      hash: md5
      md5: aa300c93b3259547e5d8115007f1902a
      size: 5356790
    - path: data/processed/users.parquet
      hash: md5
      md5: 1489d8cc2fcc240058e88f255c8c97f7
      size: 71980
  personalized_train:
    cmd: uv run python src/models/train.py
    deps:
    - path: data/split/train.parquet
      hash: md5
      md5: edb6683ac377b3dcb4d9db268e1ede1e
      size: 7733674
    - path: data/split/val.parquet
      hash: md5
      md5: ecb8cc5b411de77ea090e65d341289f2
      size: 1487484
    - path: src/models/train.py
      hash: md5
      md5: 2124b9401c9c747b0ec0f2365ece4d2d
      size: 18473
    outs:
    - path: models/personalized/svd_model.json
      hash: md5
      md5: 0927bcfe54e23ac27eb856781934ed8c
      size: 5741
    - path: models/personalized/svd_model.pkl
      hash: md5
      md5: f754d7056370cbb158d9039d67406bc8
      size: 25660914
  personalized_bpr_train:
    cmd: uv run python src/models/train_bpr.py
    deps:
    - path: data/split/train.parquet
      hash: md5
      md5: edb6683ac377b3dcb4d9db268e1ede1e
      size: 7733674
    - path: data/split/val.parquet
      hash: md5
      md5: ecb8cc5b411de77ea090e65d341289f2
      size: 1487484
    - path: src/models/bpr.py
      hash: md5
      md5: 2a82c8d21af74c27574703eab3e9b9a7
      size: 20203
    - path: src/models/train_bpr.py
      hash: md5
      md5: fa1579f717887d8e81f1966ec00758aa
      size: 7649
    outs:
    - path: models/personalized/bpr_model.json
      hash: md5
      md5: 63dd0f1a5a9234699a944091ec9057a5
      size: 758
    - path: models/personalized/bpr_model.pkl
      hash: md5
      md5: b172b0c46afe7d157b2398052153bbbf
      size: 4769780
